{
  "version": 4,
  "terraform_version": "1.14.1",
  "serial": 323,
  "lineage": "d071a789-1ad6-0111-e1b5-7ebbbd7b0938",
  "outputs": {},
  "resources": [
    {
      "mode": "managed",
      "type": "azurerm_lb",
      "name": "backend_lb",
      "provider": "provider[\"registry.terraform.io/hashicorp/azurerm\"]",
      "instances": [
        {
          "schema_version": 0,
          "attributes": {
            "edge_zone": "",
            "frontend_ip_configuration": [
              {
                "gateway_load_balancer_frontend_ip_configuration_id": "",
                "id": "/subscriptions/4dd8cf87-5a76-49f4-8de7-2575f38c63ba/resourceGroups/rg-myapp/providers/Microsoft.Network/loadBalancers/myapp-lb/frontendIPConfigurations/LoadBalancerFrontEnd",
                "inbound_nat_rules": [],
                "load_balancer_rules": [],
                "name": "LoadBalancerFrontEnd",
                "outbound_rules": [],
                "private_ip_address": "",
                "private_ip_address_allocation": "Dynamic",
                "private_ip_address_version": "",
                "public_ip_address_id": "/subscriptions/4dd8cf87-5a76-49f4-8de7-2575f38c63ba/resourceGroups/rg-myapp/providers/Microsoft.Network/publicIPAddresses/myapp-frontend-pip",
                "public_ip_prefix_id": "",
                "subnet_id": "",
                "zones": null
              }
            ],
            "id": "/subscriptions/4dd8cf87-5a76-49f4-8de7-2575f38c63ba/resourceGroups/rg-myapp/providers/Microsoft.Network/loadBalancers/myapp-lb",
            "location": "westus2",
            "name": "myapp-lb",
            "private_ip_address": "",
            "private_ip_addresses": [],
            "public_ip_address_id": null,
            "resource_group_name": "rg-myapp",
            "sku": "Standard",
            "sku_tier": "Regional",
            "subnet_id": null,
            "tags": null,
            "timeouts": null
          },
          "sensitive_attributes": [],
          "identity_schema_version": 0,
          "private": "eyJlMmJmYjczMC1lY2FhLTExZTYtOGY4OC0zNDM2M2JjN2M0YzAiOnsiY3JlYXRlIjoxODAwMDAwMDAwMDAwLCJkZWxldGUiOjE4MDAwMDAwMDAwMDAsInJlYWQiOjMwMDAwMDAwMDAwMCwidXBkYXRlIjoxODAwMDAwMDAwMDAwfX0=",
          "dependencies": [
            "azurerm_public_ip.frontend_pip",
            "azurerm_resource_group.rg",
            "random_integer.suffix"
          ]
        }
      ]
    },
    {
      "mode": "managed",
      "type": "azurerm_lb_backend_address_pool",
      "name": "backend_pool",
      "provider": "provider[\"registry.terraform.io/hashicorp/azurerm\"]",
      "instances": [
        {
          "schema_version": 0,
          "attributes": {
            "backend_ip_configurations": [],
            "id": "/subscriptions/4dd8cf87-5a76-49f4-8de7-2575f38c63ba/resourceGroups/rg-myapp/providers/Microsoft.Network/loadBalancers/myapp-lb/backendAddressPools/backend-pool",
            "inbound_nat_rules": [],
            "load_balancing_rules": [],
            "loadbalancer_id": "/subscriptions/4dd8cf87-5a76-49f4-8de7-2575f38c63ba/resourceGroups/rg-myapp/providers/Microsoft.Network/loadBalancers/myapp-lb",
            "name": "backend-pool",
            "outbound_rules": [],
            "synchronous_mode": "",
            "timeouts": null,
            "tunnel_interface": [],
            "virtual_network_id": ""
          },
          "sensitive_attributes": [],
          "identity_schema_version": 0,
          "private": "eyJlMmJmYjczMC1lY2FhLTExZTYtOGY4OC0zNDM2M2JjN2M0YzAiOnsiY3JlYXRlIjoxODAwMDAwMDAwMDAwLCJkZWxldGUiOjE4MDAwMDAwMDAwMDAsInJlYWQiOjMwMDAwMDAwMDAwMCwidXBkYXRlIjoxODAwMDAwMDAwMDAwfX0=",
          "dependencies": [
            "azurerm_lb.backend_lb",
            "azurerm_public_ip.frontend_pip",
            "azurerm_resource_group.rg",
            "random_integer.suffix"
          ]
        }
      ]
    },
    {
      "mode": "managed",
      "type": "azurerm_lb_nat_rule",
      "name": "example1",
      "provider": "provider[\"registry.terraform.io/hashicorp/azurerm\"]",
      "instances": [
        {
          "schema_version": 0,
          "attributes": {
            "backend_address_pool_id": "/subscriptions/4dd8cf87-5a76-49f4-8de7-2575f38c63ba/resourceGroups/rg-myapp/providers/Microsoft.Network/loadBalancers/myapp-lb/backendAddressPools/backend-pool",
            "backend_ip_configuration_id": "",
            "backend_port": 22,
            "enable_floating_ip": false,
            "enable_tcp_reset": false,
            "floating_ip_enabled": false,
            "frontend_ip_configuration_id": "/subscriptions/4dd8cf87-5a76-49f4-8de7-2575f38c63ba/resourceGroups/rg-myapp/providers/Microsoft.Network/loadBalancers/myapp-lb/frontendIPConfigurations/LoadBalancerFrontEnd",
            "frontend_ip_configuration_name": "LoadBalancerFrontEnd",
            "frontend_port": 0,
            "frontend_port_end": 3389,
            "frontend_port_start": 3000,
            "id": "/subscriptions/4dd8cf87-5a76-49f4-8de7-2575f38c63ba/resourceGroups/rg-myapp/providers/Microsoft.Network/loadBalancers/myapp-lb/inboundNatRules/ssh",
            "idle_timeout_in_minutes": 4,
            "loadbalancer_id": "/subscriptions/4dd8cf87-5a76-49f4-8de7-2575f38c63ba/resourceGroups/rg-myapp/providers/Microsoft.Network/loadBalancers/myapp-lb",
            "name": "ssh",
            "protocol": "Tcp",
            "resource_group_name": "rg-myapp",
            "tcp_reset_enabled": false,
            "timeouts": null
          },
          "sensitive_attributes": [],
          "identity_schema_version": 0,
          "private": "eyJlMmJmYjczMC1lY2FhLTExZTYtOGY4OC0zNDM2M2JjN2M0YzAiOnsiY3JlYXRlIjoxODAwMDAwMDAwMDAwLCJkZWxldGUiOjE4MDAwMDAwMDAwMDAsInJlYWQiOjMwMDAwMDAwMDAwMCwidXBkYXRlIjoxODAwMDAwMDAwMDAwfX0=",
          "dependencies": [
            "azurerm_lb.backend_lb",
            "azurerm_lb_backend_address_pool.backend_pool",
            "azurerm_public_ip.frontend_pip",
            "azurerm_resource_group.rg",
            "random_integer.suffix"
          ]
        }
      ]
    },
    {
      "mode": "managed",
      "type": "azurerm_lb_probe",
      "name": "health_probe",
      "provider": "provider[\"registry.terraform.io/hashicorp/azurerm\"]",
      "instances": [
        {
          "schema_version": 0,
          "attributes": {
            "id": "/subscriptions/4dd8cf87-5a76-49f4-8de7-2575f38c63ba/resourceGroups/rg-myapp/providers/Microsoft.Network/loadBalancers/myapp-lb/probes/health_probe",
            "interval_in_seconds": 15,
            "load_balancer_rules": [],
            "loadbalancer_id": "/subscriptions/4dd8cf87-5a76-49f4-8de7-2575f38c63ba/resourceGroups/rg-myapp/providers/Microsoft.Network/loadBalancers/myapp-lb",
            "name": "health_probe",
            "number_of_probes": 2,
            "port": 8000,
            "probe_threshold": 1,
            "protocol": "Tcp",
            "request_path": "",
            "timeouts": null
          },
          "sensitive_attributes": [],
          "identity_schema_version": 0,
          "private": "eyJlMmJmYjczMC1lY2FhLTExZTYtOGY4OC0zNDM2M2JjN2M0YzAiOnsiY3JlYXRlIjoxODAwMDAwMDAwMDAwLCJkZWxldGUiOjE4MDAwMDAwMDAwMDAsInJlYWQiOjMwMDAwMDAwMDAwMCwidXBkYXRlIjoxODAwMDAwMDAwMDAwfX0=",
          "dependencies": [
            "azurerm_lb.backend_lb",
            "azurerm_public_ip.frontend_pip",
            "azurerm_resource_group.rg",
            "random_integer.suffix"
          ]
        }
      ]
    },
    {
      "mode": "managed",
      "type": "azurerm_lb_rule",
      "name": "http_rule",
      "provider": "provider[\"registry.terraform.io/hashicorp/azurerm\"]",
      "instances": [
        {
          "schema_version": 0,
          "attributes": {
            "backend_address_pool_ids": [
              "/subscriptions/4dd8cf87-5a76-49f4-8de7-2575f38c63ba/resourceGroups/rg-myapp/providers/Microsoft.Network/loadBalancers/myapp-lb/backendAddressPools/backend-pool"
            ],
            "backend_port": 8000,
            "disable_outbound_snat": false,
            "enable_floating_ip": false,
            "enable_tcp_reset": true,
            "floating_ip_enabled": false,
            "frontend_ip_configuration_id": "/subscriptions/4dd8cf87-5a76-49f4-8de7-2575f38c63ba/resourceGroups/rg-myapp/providers/Microsoft.Network/loadBalancers/myapp-lb/frontendIPConfigurations/LoadBalancerFrontEnd",
            "frontend_ip_configuration_name": "LoadBalancerFrontEnd",
            "frontend_port": 80,
            "id": "/subscriptions/4dd8cf87-5a76-49f4-8de7-2575f38c63ba/resourceGroups/rg-myapp/providers/Microsoft.Network/loadBalancers/myapp-lb/loadBalancingRules/http",
            "idle_timeout_in_minutes": 4,
            "load_distribution": "Default",
            "loadbalancer_id": "/subscriptions/4dd8cf87-5a76-49f4-8de7-2575f38c63ba/resourceGroups/rg-myapp/providers/Microsoft.Network/loadBalancers/myapp-lb",
            "name": "http",
            "probe_id": "/subscriptions/4dd8cf87-5a76-49f4-8de7-2575f38c63ba/resourceGroups/rg-myapp/providers/Microsoft.Network/loadBalancers/myapp-lb/probes/health_probe",
            "protocol": "Tcp",
            "tcp_reset_enabled": true,
            "timeouts": null
          },
          "sensitive_attributes": [],
          "identity_schema_version": 0,
          "private": "eyJlMmJmYjczMC1lY2FhLTExZTYtOGY4OC0zNDM2M2JjN2M0YzAiOnsiY3JlYXRlIjoxODAwMDAwMDAwMDAwLCJkZWxldGUiOjE4MDAwMDAwMDAwMDAsInJlYWQiOjMwMDAwMDAwMDAwMCwidXBkYXRlIjoxODAwMDAwMDAwMDAwfX0=",
          "dependencies": [
            "azurerm_lb.backend_lb",
            "azurerm_lb_backend_address_pool.backend_pool",
            "azurerm_lb_probe.health_probe",
            "azurerm_public_ip.frontend_pip",
            "azurerm_resource_group.rg",
            "random_integer.suffix"
          ]
        }
      ]
    },
    {
      "mode": "managed",
      "type": "azurerm_linux_virtual_machine",
      "name": "backend_vms",
      "provider": "provider[\"registry.terraform.io/hashicorp/azurerm\"]",
      "instances": [
        {
          "index_key": 0,
          "schema_version": 0,
          "attributes": {
            "additional_capabilities": [],
            "admin_password": "Zhuhai123!@#",
            "admin_ssh_key": [],
            "admin_username": "mzhang1",
            "allow_extension_operations": true,
            "availability_set_id": "",
            "boot_diagnostics": [],
            "bypass_platform_safety_checks_on_user_schedule_enabled": false,
            "capacity_reservation_group_id": "",
            "computer_name": "myapp-backend-vm-0",
            "custom_data": null,
            "dedicated_host_group_id": "",
            "dedicated_host_id": "",
            "disable_password_authentication": false,
            "disk_controller_type": "",
            "edge_zone": "",
            "encryption_at_host_enabled": false,
            "eviction_policy": "",
            "extensions_time_budget": "PT1H30M",
            "gallery_application": [],
            "id": "/subscriptions/4dd8cf87-5a76-49f4-8de7-2575f38c63ba/resourceGroups/rg-myapp/providers/Microsoft.Compute/virtualMachines/myapp-backend-vm-0",
            "identity": [],
            "license_type": "",
            "location": "westus2",
            "max_bid_price": -1,
            "name": "myapp-backend-vm-0",
            "network_interface_ids": [
              "/subscriptions/4dd8cf87-5a76-49f4-8de7-2575f38c63ba/resourceGroups/rg-myapp/providers/Microsoft.Network/networkInterfaces/myapp-backend-nic-0"
            ],
            "os_disk": [
              {
                "caching": "ReadWrite",
                "diff_disk_settings": [],
                "disk_encryption_set_id": "",
                "disk_size_gb": 30,
                "id": "/subscriptions/4dd8cf87-5a76-49f4-8de7-2575f38c63ba/resourceGroups/rg-myapp/providers/Microsoft.Compute/disks/myapp-backend-vm-0_OsDisk_1_af7d32f4b37842ed9a16ef41511bebaa",
                "name": "myapp-backend-vm-0_OsDisk_1_af7d32f4b37842ed9a16ef41511bebaa",
                "secure_vm_disk_encryption_set_id": "",
                "security_encryption_type": "",
                "storage_account_type": "Standard_LRS",
                "write_accelerator_enabled": false
              }
            ],
            "os_image_notification": [],
            "os_managed_disk_id": "/subscriptions/4dd8cf87-5a76-49f4-8de7-2575f38c63ba/resourceGroups/rg-myapp/providers/Microsoft.Compute/disks/myapp-backend-vm-0_OsDisk_1_af7d32f4b37842ed9a16ef41511bebaa",
            "patch_assessment_mode": "ImageDefault",
            "patch_mode": "ImageDefault",
            "plan": [],
            "platform_fault_domain": -1,
            "priority": "Regular",
            "private_ip_address": "10.0.1.4",
            "private_ip_addresses": [
              "10.0.1.4"
            ],
            "provision_vm_agent": true,
            "proximity_placement_group_id": "",
            "public_ip_address": "",
            "public_ip_addresses": [],
            "reboot_setting": "",
            "resource_group_name": "rg-myapp",
            "secret": [],
            "secure_boot_enabled": false,
            "size": "Standard_D2s_v3",
            "source_image_id": "",
            "source_image_reference": [
              {
                "offer": "0001-com-ubuntu-server-jammy",
                "publisher": "Canonical",
                "sku": "22_04-lts",
                "version": "latest"
              }
            ],
            "tags": null,
            "termination_notification": null,
            "timeouts": null,
            "user_data": "",
            "virtual_machine_id": "dc832a3c-7b78-470e-828c-6d9dda87c99a",
            "virtual_machine_scale_set_id": "",
            "vm_agent_platform_updates_enabled": false,
            "vtpm_enabled": false,
            "zone": ""
          },
          "sensitive_attributes": [
            [
              {
                "type": "get_attr",
                "value": "admin_password"
              }
            ],
            [
              {
                "type": "get_attr",
                "value": "custom_data"
              }
            ]
          ],
          "identity_schema_version": 0,
          "private": "eyJlMmJmYjczMC1lY2FhLTExZTYtOGY4OC0zNDM2M2JjN2M0YzAiOnsiY3JlYXRlIjoyNzAwMDAwMDAwMDAwLCJkZWxldGUiOjI3MDAwMDAwMDAwMDAsInJlYWQiOjMwMDAwMDAwMDAwMCwidXBkYXRlIjoyNzAwMDAwMDAwMDAwfX0=",
          "dependencies": [
            "azurerm_network_interface.backend_nics",
            "azurerm_resource_group.rg",
            "azurerm_subnet.subnet",
            "azurerm_virtual_network.vnet"
          ]
        },
        {
          "index_key": 1,
          "schema_version": 0,
          "attributes": {
            "additional_capabilities": [],
            "admin_password": "Zhuhai123!@#",
            "admin_ssh_key": [],
            "admin_username": "mzhang1",
            "allow_extension_operations": true,
            "availability_set_id": "",
            "boot_diagnostics": [],
            "bypass_platform_safety_checks_on_user_schedule_enabled": false,
            "capacity_reservation_group_id": "",
            "computer_name": "myapp-backend-vm-1",
            "custom_data": null,
            "dedicated_host_group_id": "",
            "dedicated_host_id": "",
            "disable_password_authentication": false,
            "disk_controller_type": "",
            "edge_zone": "",
            "encryption_at_host_enabled": false,
            "eviction_policy": "",
            "extensions_time_budget": "PT1H30M",
            "gallery_application": [],
            "id": "/subscriptions/4dd8cf87-5a76-49f4-8de7-2575f38c63ba/resourceGroups/rg-myapp/providers/Microsoft.Compute/virtualMachines/myapp-backend-vm-1",
            "identity": [],
            "license_type": "",
            "location": "westus2",
            "max_bid_price": -1,
            "name": "myapp-backend-vm-1",
            "network_interface_ids": [
              "/subscriptions/4dd8cf87-5a76-49f4-8de7-2575f38c63ba/resourceGroups/rg-myapp/providers/Microsoft.Network/networkInterfaces/myapp-backend-nic-1"
            ],
            "os_disk": [
              {
                "caching": "ReadWrite",
                "diff_disk_settings": [],
                "disk_encryption_set_id": "",
                "disk_size_gb": 30,
                "id": "/subscriptions/4dd8cf87-5a76-49f4-8de7-2575f38c63ba/resourceGroups/rg-myapp/providers/Microsoft.Compute/disks/myapp-backend-vm-1_OsDisk_1_644d1b1fcd21473eb97c9e2a8d5cbbf3",
                "name": "myapp-backend-vm-1_OsDisk_1_644d1b1fcd21473eb97c9e2a8d5cbbf3",
                "secure_vm_disk_encryption_set_id": "",
                "security_encryption_type": "",
                "storage_account_type": "Standard_LRS",
                "write_accelerator_enabled": false
              }
            ],
            "os_image_notification": [],
            "os_managed_disk_id": "/subscriptions/4dd8cf87-5a76-49f4-8de7-2575f38c63ba/resourceGroups/rg-myapp/providers/Microsoft.Compute/disks/myapp-backend-vm-1_OsDisk_1_644d1b1fcd21473eb97c9e2a8d5cbbf3",
            "patch_assessment_mode": "ImageDefault",
            "patch_mode": "ImageDefault",
            "plan": [],
            "platform_fault_domain": -1,
            "priority": "Regular",
            "private_ip_address": "10.0.1.5",
            "private_ip_addresses": [
              "10.0.1.5"
            ],
            "provision_vm_agent": true,
            "proximity_placement_group_id": "",
            "public_ip_address": "",
            "public_ip_addresses": [],
            "reboot_setting": "",
            "resource_group_name": "rg-myapp",
            "secret": [],
            "secure_boot_enabled": false,
            "size": "Standard_D2s_v3",
            "source_image_id": "",
            "source_image_reference": [
              {
                "offer": "0001-com-ubuntu-server-jammy",
                "publisher": "Canonical",
                "sku": "22_04-lts",
                "version": "latest"
              }
            ],
            "tags": null,
            "termination_notification": null,
            "timeouts": null,
            "user_data": "",
            "virtual_machine_id": "00b1965b-bd17-453a-acee-a8ed336f7413",
            "virtual_machine_scale_set_id": "",
            "vm_agent_platform_updates_enabled": false,
            "vtpm_enabled": false,
            "zone": ""
          },
          "sensitive_attributes": [
            [
              {
                "type": "get_attr",
                "value": "admin_password"
              }
            ],
            [
              {
                "type": "get_attr",
                "value": "custom_data"
              }
            ]
          ],
          "identity_schema_version": 0,
          "private": "eyJlMmJmYjczMC1lY2FhLTExZTYtOGY4OC0zNDM2M2JjN2M0YzAiOnsiY3JlYXRlIjoyNzAwMDAwMDAwMDAwLCJkZWxldGUiOjI3MDAwMDAwMDAwMDAsInJlYWQiOjMwMDAwMDAwMDAwMCwidXBkYXRlIjoyNzAwMDAwMDAwMDAwfX0=",
          "dependencies": [
            "azurerm_network_interface.backend_nics",
            "azurerm_resource_group.rg",
            "azurerm_subnet.subnet",
            "azurerm_virtual_network.vnet"
          ]
        }
      ]
    },
    {
      "mode": "managed",
      "type": "azurerm_nat_gateway",
      "name": "nat-gateway",
      "provider": "provider[\"registry.terraform.io/hashicorp/azurerm\"]",
      "instances": [
        {
          "schema_version": 0,
          "attributes": {
            "id": "/subscriptions/4dd8cf87-5a76-49f4-8de7-2575f38c63ba/resourceGroups/rg-myapp/providers/Microsoft.Network/natGateways/example-NatGateway",
            "idle_timeout_in_minutes": 4,
            "location": "westus2",
            "name": "example-NatGateway",
            "resource_group_name": "rg-myapp",
            "resource_guid": "8fbd3080-b158-41b2-914f-a6398741bef2",
            "sku_name": "Standard",
            "tags": null,
            "timeouts": null,
            "zones": null
          },
          "sensitive_attributes": [],
          "identity_schema_version": 0,
          "identity": {
            "name": "example-NatGateway",
            "resource_group_name": "rg-myapp",
            "subscription_id": "4dd8cf87-5a76-49f4-8de7-2575f38c63ba"
          },
          "private": "eyJlMmJmYjczMC1lY2FhLTExZTYtOGY4OC0zNDM2M2JjN2M0YzAiOnsiY3JlYXRlIjozNjAwMDAwMDAwMDAwLCJkZWxldGUiOjM2MDAwMDAwMDAwMDAsInJlYWQiOjMwMDAwMDAwMDAwMCwidXBkYXRlIjozNjAwMDAwMDAwMDAwfX0=",
          "dependencies": [
            "azurerm_resource_group.rg"
          ]
        }
      ]
    },
    {
      "mode": "managed",
      "type": "azurerm_nat_gateway_public_ip_association",
      "name": "example",
      "provider": "provider[\"registry.terraform.io/hashicorp/azurerm\"]",
      "instances": [
        {
          "schema_version": 0,
          "attributes": {
            "id": "/subscriptions/4dd8cf87-5a76-49f4-8de7-2575f38c63ba/resourceGroups/rg-myapp/providers/Microsoft.Network/natGateways/example-NatGateway|/subscriptions/4dd8cf87-5a76-49f4-8de7-2575f38c63ba/resourceGroups/rg-myapp/providers/Microsoft.Network/publicIPAddresses/example-PIP",
            "nat_gateway_id": "/subscriptions/4dd8cf87-5a76-49f4-8de7-2575f38c63ba/resourceGroups/rg-myapp/providers/Microsoft.Network/natGateways/example-NatGateway",
            "public_ip_address_id": "/subscriptions/4dd8cf87-5a76-49f4-8de7-2575f38c63ba/resourceGroups/rg-myapp/providers/Microsoft.Network/publicIPAddresses/example-PIP",
            "timeouts": null
          },
          "sensitive_attributes": [],
          "identity_schema_version": 0,
          "private": "eyJlMmJmYjczMC1lY2FhLTExZTYtOGY4OC0zNDM2M2JjN2M0YzAiOnsiY3JlYXRlIjoxODAwMDAwMDAwMDAwLCJkZWxldGUiOjE4MDAwMDAwMDAwMDAsInJlYWQiOjMwMDAwMDAwMDAwMH19",
          "dependencies": [
            "azurerm_nat_gateway.nat-gateway",
            "azurerm_public_ip.nat-gateway-pip",
            "azurerm_resource_group.rg"
          ]
        }
      ]
    },
    {
      "mode": "managed",
      "type": "azurerm_network_interface",
      "name": "backend_nics",
      "provider": "provider[\"registry.terraform.io/hashicorp/azurerm\"]",
      "instances": [
        {
          "index_key": 0,
          "schema_version": 0,
          "attributes": {
            "accelerated_networking_enabled": false,
            "applied_dns_servers": [],
            "auxiliary_mode": "",
            "auxiliary_sku": "",
            "dns_servers": null,
            "edge_zone": "",
            "id": "/subscriptions/4dd8cf87-5a76-49f4-8de7-2575f38c63ba/resourceGroups/rg-myapp/providers/Microsoft.Network/networkInterfaces/myapp-backend-nic-0",
            "internal_dns_name_label": "",
            "internal_domain_name_suffix": "qyypyazrlw4unociuovjmispzc.xx.internal.cloudapp.net",
            "ip_configuration": [
              {
                "gateway_load_balancer_frontend_ip_configuration_id": "",
                "name": "internal",
                "primary": true,
                "private_ip_address": "10.0.1.4",
                "private_ip_address_allocation": "Dynamic",
                "private_ip_address_version": "IPv4",
                "public_ip_address_id": "",
                "subnet_id": "/subscriptions/4dd8cf87-5a76-49f4-8de7-2575f38c63ba/resourceGroups/rg-myapp/providers/Microsoft.Network/virtualNetworks/myapp-vnet/subnets/myapp-subnet"
              }
            ],
            "ip_forwarding_enabled": false,
            "location": "westus2",
            "mac_address": "",
            "name": "myapp-backend-nic-0",
            "private_ip_address": "10.0.1.4",
            "private_ip_addresses": [
              "10.0.1.4"
            ],
            "resource_group_name": "rg-myapp",
            "tags": null,
            "timeouts": null,
            "virtual_machine_id": ""
          },
          "sensitive_attributes": [],
          "identity_schema_version": 0,
          "identity": {
            "name": "myapp-backend-nic-0",
            "resource_group_name": "rg-myapp",
            "subscription_id": "4dd8cf87-5a76-49f4-8de7-2575f38c63ba"
          },
          "private": "eyJlMmJmYjczMC1lY2FhLTExZTYtOGY4OC0zNDM2M2JjN2M0YzAiOnsiY3JlYXRlIjoxODAwMDAwMDAwMDAwLCJkZWxldGUiOjE4MDAwMDAwMDAwMDAsInJlYWQiOjMwMDAwMDAwMDAwMCwidXBkYXRlIjoxODAwMDAwMDAwMDAwfX0=",
          "dependencies": [
            "azurerm_resource_group.rg",
            "azurerm_subnet.subnet",
            "azurerm_virtual_network.vnet"
          ]
        },
        {
          "index_key": 1,
          "schema_version": 0,
          "attributes": {
            "accelerated_networking_enabled": false,
            "applied_dns_servers": [],
            "auxiliary_mode": "",
            "auxiliary_sku": "",
            "dns_servers": null,
            "edge_zone": "",
            "id": "/subscriptions/4dd8cf87-5a76-49f4-8de7-2575f38c63ba/resourceGroups/rg-myapp/providers/Microsoft.Network/networkInterfaces/myapp-backend-nic-1",
            "internal_dns_name_label": "",
            "internal_domain_name_suffix": "qyypyazrlw4unociuovjmispzc.xx.internal.cloudapp.net",
            "ip_configuration": [
              {
                "gateway_load_balancer_frontend_ip_configuration_id": "",
                "name": "internal",
                "primary": true,
                "private_ip_address": "10.0.1.5",
                "private_ip_address_allocation": "Dynamic",
                "private_ip_address_version": "IPv4",
                "public_ip_address_id": "",
                "subnet_id": "/subscriptions/4dd8cf87-5a76-49f4-8de7-2575f38c63ba/resourceGroups/rg-myapp/providers/Microsoft.Network/virtualNetworks/myapp-vnet/subnets/myapp-subnet"
              }
            ],
            "ip_forwarding_enabled": false,
            "location": "westus2",
            "mac_address": "",
            "name": "myapp-backend-nic-1",
            "private_ip_address": "10.0.1.5",
            "private_ip_addresses": [
              "10.0.1.5"
            ],
            "resource_group_name": "rg-myapp",
            "tags": null,
            "timeouts": null,
            "virtual_machine_id": ""
          },
          "sensitive_attributes": [],
          "identity_schema_version": 0,
          "identity": {
            "name": "myapp-backend-nic-1",
            "resource_group_name": "rg-myapp",
            "subscription_id": "4dd8cf87-5a76-49f4-8de7-2575f38c63ba"
          },
          "private": "eyJlMmJmYjczMC1lY2FhLTExZTYtOGY4OC0zNDM2M2JjN2M0YzAiOnsiY3JlYXRlIjoxODAwMDAwMDAwMDAwLCJkZWxldGUiOjE4MDAwMDAwMDAwMDAsInJlYWQiOjMwMDAwMDAwMDAwMCwidXBkYXRlIjoxODAwMDAwMDAwMDAwfX0=",
          "dependencies": [
            "azurerm_resource_group.rg",
            "azurerm_subnet.subnet",
            "azurerm_virtual_network.vnet"
          ]
        }
      ]
    },
    {
      "mode": "managed",
      "type": "azurerm_network_interface_backend_address_pool_association",
      "name": "assoc",
      "provider": "provider[\"registry.terraform.io/hashicorp/azurerm\"]",
      "instances": [
        {
          "index_key": "0",
          "schema_version": 0,
          "attributes": {
            "backend_address_pool_id": "/subscriptions/4dd8cf87-5a76-49f4-8de7-2575f38c63ba/resourceGroups/rg-myapp/providers/Microsoft.Network/loadBalancers/myapp-lb/backendAddressPools/backend-pool",
            "id": "/subscriptions/4dd8cf87-5a76-49f4-8de7-2575f38c63ba/resourceGroups/rg-myapp/providers/Microsoft.Network/networkInterfaces/myapp-backend-nic-0/ipConfigurations/internal|/subscriptions/4dd8cf87-5a76-49f4-8de7-2575f38c63ba/resourceGroups/rg-myapp/providers/Microsoft.Network/loadBalancers/myapp-lb/backendAddressPools/backend-pool",
            "ip_configuration_name": "internal",
            "network_interface_id": "/subscriptions/4dd8cf87-5a76-49f4-8de7-2575f38c63ba/resourceGroups/rg-myapp/providers/Microsoft.Network/networkInterfaces/myapp-backend-nic-0",
            "timeouts": null
          },
          "sensitive_attributes": [],
          "identity_schema_version": 0,
          "private": "eyJlMmJmYjczMC1lY2FhLTExZTYtOGY4OC0zNDM2M2JjN2M0YzAiOnsiY3JlYXRlIjoxODAwMDAwMDAwMDAwLCJkZWxldGUiOjE4MDAwMDAwMDAwMDAsInJlYWQiOjMwMDAwMDAwMDAwMH19",
          "dependencies": [
            "azurerm_lb.backend_lb",
            "azurerm_lb_backend_address_pool.backend_pool",
            "azurerm_network_interface.backend_nics",
            "azurerm_public_ip.frontend_pip",
            "azurerm_resource_group.rg",
            "azurerm_subnet.subnet",
            "azurerm_virtual_network.vnet",
            "random_integer.suffix"
          ]
        },
        {
          "index_key": "1",
          "schema_version": 0,
          "attributes": {
            "backend_address_pool_id": "/subscriptions/4dd8cf87-5a76-49f4-8de7-2575f38c63ba/resourceGroups/rg-myapp/providers/Microsoft.Network/loadBalancers/myapp-lb/backendAddressPools/backend-pool",
            "id": "/subscriptions/4dd8cf87-5a76-49f4-8de7-2575f38c63ba/resourceGroups/rg-myapp/providers/Microsoft.Network/networkInterfaces/myapp-backend-nic-1/ipConfigurations/internal|/subscriptions/4dd8cf87-5a76-49f4-8de7-2575f38c63ba/resourceGroups/rg-myapp/providers/Microsoft.Network/loadBalancers/myapp-lb/backendAddressPools/backend-pool",
            "ip_configuration_name": "internal",
            "network_interface_id": "/subscriptions/4dd8cf87-5a76-49f4-8de7-2575f38c63ba/resourceGroups/rg-myapp/providers/Microsoft.Network/networkInterfaces/myapp-backend-nic-1",
            "timeouts": null
          },
          "sensitive_attributes": [],
          "identity_schema_version": 0,
          "private": "eyJlMmJmYjczMC1lY2FhLTExZTYtOGY4OC0zNDM2M2JjN2M0YzAiOnsiY3JlYXRlIjoxODAwMDAwMDAwMDAwLCJkZWxldGUiOjE4MDAwMDAwMDAwMDAsInJlYWQiOjMwMDAwMDAwMDAwMH19",
          "dependencies": [
            "azurerm_lb.backend_lb",
            "azurerm_lb_backend_address_pool.backend_pool",
            "azurerm_network_interface.backend_nics",
            "azurerm_public_ip.frontend_pip",
            "azurerm_resource_group.rg",
            "azurerm_subnet.subnet",
            "azurerm_virtual_network.vnet",
            "random_integer.suffix"
          ]
        }
      ]
    },
    {
      "mode": "managed",
      "type": "azurerm_network_interface_security_group_association",
      "name": "backend_nics_nsg_assn",
      "provider": "provider[\"registry.terraform.io/hashicorp/azurerm\"]",
      "instances": [
        {
          "index_key": "0",
          "schema_version": 0,
          "attributes": {
            "id": "/subscriptions/4dd8cf87-5a76-49f4-8de7-2575f38c63ba/resourceGroups/rg-myapp/providers/Microsoft.Network/networkInterfaces/myapp-backend-nic-0|/subscriptions/4dd8cf87-5a76-49f4-8de7-2575f38c63ba/resourceGroups/rg-myapp/providers/Microsoft.Network/networkSecurityGroups/myapp-nsg",
            "network_interface_id": "/subscriptions/4dd8cf87-5a76-49f4-8de7-2575f38c63ba/resourceGroups/rg-myapp/providers/Microsoft.Network/networkInterfaces/myapp-backend-nic-0",
            "network_security_group_id": "/subscriptions/4dd8cf87-5a76-49f4-8de7-2575f38c63ba/resourceGroups/rg-myapp/providers/Microsoft.Network/networkSecurityGroups/myapp-nsg",
            "timeouts": null
          },
          "sensitive_attributes": [],
          "identity_schema_version": 0,
          "private": "eyJlMmJmYjczMC1lY2FhLTExZTYtOGY4OC0zNDM2M2JjN2M0YzAiOnsiY3JlYXRlIjoxODAwMDAwMDAwMDAwLCJkZWxldGUiOjE4MDAwMDAwMDAwMDAsInJlYWQiOjMwMDAwMDAwMDAwMH19",
          "dependencies": [
            "azurerm_network_interface.backend_nics",
            "azurerm_network_security_group.nsg",
            "azurerm_resource_group.rg",
            "azurerm_subnet.subnet",
            "azurerm_virtual_network.vnet"
          ]
        },
        {
          "index_key": "1",
          "schema_version": 0,
          "attributes": {
            "id": "/subscriptions/4dd8cf87-5a76-49f4-8de7-2575f38c63ba/resourceGroups/rg-myapp/providers/Microsoft.Network/networkInterfaces/myapp-backend-nic-1|/subscriptions/4dd8cf87-5a76-49f4-8de7-2575f38c63ba/resourceGroups/rg-myapp/providers/Microsoft.Network/networkSecurityGroups/myapp-nsg",
            "network_interface_id": "/subscriptions/4dd8cf87-5a76-49f4-8de7-2575f38c63ba/resourceGroups/rg-myapp/providers/Microsoft.Network/networkInterfaces/myapp-backend-nic-1",
            "network_security_group_id": "/subscriptions/4dd8cf87-5a76-49f4-8de7-2575f38c63ba/resourceGroups/rg-myapp/providers/Microsoft.Network/networkSecurityGroups/myapp-nsg",
            "timeouts": null
          },
          "sensitive_attributes": [],
          "identity_schema_version": 0,
          "private": "eyJlMmJmYjczMC1lY2FhLTExZTYtOGY4OC0zNDM2M2JjN2M0YzAiOnsiY3JlYXRlIjoxODAwMDAwMDAwMDAwLCJkZWxldGUiOjE4MDAwMDAwMDAwMDAsInJlYWQiOjMwMDAwMDAwMDAwMH19",
          "dependencies": [
            "azurerm_network_interface.backend_nics",
            "azurerm_network_security_group.nsg",
            "azurerm_resource_group.rg",
            "azurerm_subnet.subnet",
            "azurerm_virtual_network.vnet"
          ]
        }
      ]
    },
    {
      "mode": "managed",
      "type": "azurerm_network_security_group",
      "name": "nsg",
      "provider": "provider[\"registry.terraform.io/hashicorp/azurerm\"]",
      "instances": [
        {
          "schema_version": 0,
          "attributes": {
            "id": "/subscriptions/4dd8cf87-5a76-49f4-8de7-2575f38c63ba/resourceGroups/rg-myapp/providers/Microsoft.Network/networkSecurityGroups/myapp-nsg",
            "location": "westus2",
            "name": "myapp-nsg",
            "resource_group_name": "rg-myapp",
            "security_rule": [],
            "tags": null,
            "timeouts": null
          },
          "sensitive_attributes": [],
          "identity_schema_version": 0,
          "identity": {
            "name": "myapp-nsg",
            "resource_group_name": "rg-myapp",
            "subscription_id": "4dd8cf87-5a76-49f4-8de7-2575f38c63ba"
          },
          "private": "eyJlMmJmYjczMC1lY2FhLTExZTYtOGY4OC0zNDM2M2JjN2M0YzAiOnsiY3JlYXRlIjoxODAwMDAwMDAwMDAwLCJkZWxldGUiOjE4MDAwMDAwMDAwMDAsInJlYWQiOjMwMDAwMDAwMDAwMCwidXBkYXRlIjoxODAwMDAwMDAwMDAwfX0=",
          "dependencies": [
            "azurerm_resource_group.rg"
          ]
        }
      ]
    },
    {
      "mode": "managed",
      "type": "azurerm_network_security_rule",
      "name": "allow_http",
      "provider": "provider[\"registry.terraform.io/hashicorp/azurerm\"]",
      "instances": [
        {
          "schema_version": 0,
          "attributes": {
            "access": "Allow",
            "description": "",
            "destination_address_prefix": "*",
            "destination_address_prefixes": null,
            "destination_application_security_group_ids": null,
            "destination_port_range": "8000",
            "destination_port_ranges": null,
            "direction": "Inbound",
            "id": "/subscriptions/4dd8cf87-5a76-49f4-8de7-2575f38c63ba/resourceGroups/rg-myapp/providers/Microsoft.Network/networkSecurityGroups/myapp-nsg/securityRules/Allow-HTTP",
            "name": "Allow-HTTP",
            "network_security_group_name": "myapp-nsg",
            "priority": 1002,
            "protocol": "Tcp",
            "resource_group_name": "rg-myapp",
            "source_address_prefix": "*",
            "source_address_prefixes": null,
            "source_application_security_group_ids": null,
            "source_port_range": "*",
            "source_port_ranges": null,
            "timeouts": null
          },
          "sensitive_attributes": [],
          "identity_schema_version": 0,
          "identity": {
            "name": "Allow-HTTP",
            "network_security_group_name": "myapp-nsg",
            "resource_group_name": "rg-myapp",
            "subscription_id": "4dd8cf87-5a76-49f4-8de7-2575f38c63ba"
          },
          "private": "eyJlMmJmYjczMC1lY2FhLTExZTYtOGY4OC0zNDM2M2JjN2M0YzAiOnsiY3JlYXRlIjoxODAwMDAwMDAwMDAwLCJkZWxldGUiOjE4MDAwMDAwMDAwMDAsInJlYWQiOjMwMDAwMDAwMDAwMCwidXBkYXRlIjoxODAwMDAwMDAwMDAwfX0=",
          "dependencies": [
            "azurerm_network_security_group.nsg",
            "azurerm_resource_group.rg"
          ]
        }
      ]
    },
    {
      "mode": "managed",
      "type": "azurerm_network_security_rule",
      "name": "allow_ssh",
      "provider": "provider[\"registry.terraform.io/hashicorp/azurerm\"]",
      "instances": [
        {
          "schema_version": 0,
          "attributes": {
            "access": "Allow",
            "description": "",
            "destination_address_prefix": "*",
            "destination_address_prefixes": null,
            "destination_application_security_group_ids": null,
            "destination_port_range": "22",
            "destination_port_ranges": null,
            "direction": "Inbound",
            "id": "/subscriptions/4dd8cf87-5a76-49f4-8de7-2575f38c63ba/resourceGroups/rg-myapp/providers/Microsoft.Network/networkSecurityGroups/myapp-nsg/securityRules/Allow-SSH",
            "name": "Allow-SSH",
            "network_security_group_name": "myapp-nsg",
            "priority": 1001,
            "protocol": "Tcp",
            "resource_group_name": "rg-myapp",
            "source_address_prefix": "*",
            "source_address_prefixes": null,
            "source_application_security_group_ids": null,
            "source_port_range": "*",
            "source_port_ranges": null,
            "timeouts": null
          },
          "sensitive_attributes": [],
          "identity_schema_version": 0,
          "identity": {
            "name": "Allow-SSH",
            "network_security_group_name": "myapp-nsg",
            "resource_group_name": "rg-myapp",
            "subscription_id": "4dd8cf87-5a76-49f4-8de7-2575f38c63ba"
          },
          "private": "eyJlMmJmYjczMC1lY2FhLTExZTYtOGY4OC0zNDM2M2JjN2M0YzAiOnsiY3JlYXRlIjoxODAwMDAwMDAwMDAwLCJkZWxldGUiOjE4MDAwMDAwMDAwMDAsInJlYWQiOjMwMDAwMDAwMDAwMCwidXBkYXRlIjoxODAwMDAwMDAwMDAwfX0=",
          "dependencies": [
            "azurerm_network_security_group.nsg",
            "azurerm_resource_group.rg"
          ]
        }
      ]
    },
    {
      "mode": "managed",
      "type": "azurerm_postgresql_flexible_server",
      "name": "pg-server",
      "provider": "provider[\"registry.terraform.io/hashicorp/azurerm\"]",
      "instances": [
        {
          "schema_version": 0,
          "attributes": {
            "administrator_login": "pgadmin",
            "administrator_password": "Zhuhai123!@#",
            "administrator_password_wo": null,
            "administrator_password_wo_version": 0,
            "authentication": [
              {
                "active_directory_auth_enabled": false,
                "password_auth_enabled": true,
                "tenant_id": ""
              }
            ],
            "auto_grow_enabled": false,
            "backup_retention_days": 7,
            "create_mode": null,
            "customer_managed_key": [],
            "delegated_subnet_id": "",
            "fqdn": "mzhang1-psqlflexibleserver.postgres.database.azure.com",
            "geo_redundant_backup_enabled": false,
            "high_availability": [],
            "id": "/subscriptions/4dd8cf87-5a76-49f4-8de7-2575f38c63ba/resourceGroups/rg-myapp/providers/Microsoft.DBforPostgreSQL/flexibleServers/mzhang1-psqlflexibleserver",
            "identity": [],
            "location": "westus2",
            "maintenance_window": [],
            "name": "mzhang1-psqlflexibleserver",
            "point_in_time_restore_time_in_utc": "",
            "private_dns_zone_id": "",
            "public_network_access_enabled": true,
            "replication_role": "",
            "resource_group_name": "rg-myapp",
            "sku_name": "B_Standard_B1ms",
            "source_server_id": "",
            "storage_mb": 32768,
            "storage_tier": "P4",
            "tags": null,
            "timeouts": null,
            "version": "12",
            "zone": "1"
          },
          "sensitive_attributes": [
            [
              {
                "type": "get_attr",
                "value": "administrator_password"
              }
            ]
          ],
          "identity_schema_version": 0,
          "private": "eyJlMmJmYjczMC1lY2FhLTExZTYtOGY4OC0zNDM2M2JjN2M0YzAiOnsiY3JlYXRlIjozNjAwMDAwMDAwMDAwLCJkZWxldGUiOjM2MDAwMDAwMDAwMDAsInJlYWQiOjMwMDAwMDAwMDAwMCwidXBkYXRlIjozNjAwMDAwMDAwMDAwfX0=",
          "dependencies": [
            "azurerm_resource_group.rg"
          ]
        }
      ]
    },
    {
      "mode": "managed",
      "type": "azurerm_postgresql_flexible_server_database",
      "name": "pg-db",
      "provider": "provider[\"registry.terraform.io/hashicorp/azurerm\"]",
      "instances": [
        {
          "schema_version": 0,
          "attributes": {
            "charset": "UTF8",
            "collation": "en_US.utf8",
            "id": "/subscriptions/4dd8cf87-5a76-49f4-8de7-2575f38c63ba/resourceGroups/rg-myapp/providers/Microsoft.DBforPostgreSQL/flexibleServers/mzhang1-psqlflexibleserver/databases/myapp_db",
            "name": "myapp_db",
            "server_id": "/subscriptions/4dd8cf87-5a76-49f4-8de7-2575f38c63ba/resourceGroups/rg-myapp/providers/Microsoft.DBforPostgreSQL/flexibleServers/mzhang1-psqlflexibleserver",
            "timeouts": null
          },
          "sensitive_attributes": [],
          "identity_schema_version": 0,
          "private": "eyJlMmJmYjczMC1lY2FhLTExZTYtOGY4OC0zNDM2M2JjN2M0YzAiOnsiY3JlYXRlIjoxODAwMDAwMDAwMDAwLCJkZWxldGUiOjE4MDAwMDAwMDAwMDAsInJlYWQiOjMwMDAwMDAwMDAwMH19",
          "dependencies": [
            "azurerm_postgresql_flexible_server.pg-server",
            "azurerm_resource_group.rg"
          ]
        }
      ]
    },
    {
      "mode": "managed",
      "type": "azurerm_public_ip",
      "name": "frontend_pip",
      "provider": "provider[\"registry.terraform.io/hashicorp/azurerm\"]",
      "instances": [
        {
          "schema_version": 0,
          "attributes": {
            "allocation_method": "Static",
            "ddos_protection_mode": "VirtualNetworkInherited",
            "ddos_protection_plan_id": null,
            "domain_name_label": "myapp-frontend-98314",
            "domain_name_label_scope": "",
            "edge_zone": "",
            "fqdn": "myapp-frontend-98314.westus2.cloudapp.azure.com",
            "id": "/subscriptions/4dd8cf87-5a76-49f4-8de7-2575f38c63ba/resourceGroups/rg-myapp/providers/Microsoft.Network/publicIPAddresses/myapp-frontend-pip",
            "idle_timeout_in_minutes": 4,
            "ip_address": "4.154.175.250",
            "ip_tags": null,
            "ip_version": "IPv4",
            "location": "westus2",
            "name": "myapp-frontend-pip",
            "public_ip_prefix_id": null,
            "resource_group_name": "rg-myapp",
            "reverse_fqdn": "",
            "sku": "Standard",
            "sku_tier": "Regional",
            "tags": null,
            "timeouts": null,
            "zones": null
          },
          "sensitive_attributes": [],
          "identity_schema_version": 0,
          "private": "eyJlMmJmYjczMC1lY2FhLTExZTYtOGY4OC0zNDM2M2JjN2M0YzAiOnsiY3JlYXRlIjoxODAwMDAwMDAwMDAwLCJkZWxldGUiOjE4MDAwMDAwMDAwMDAsInJlYWQiOjMwMDAwMDAwMDAwMCwidXBkYXRlIjoxODAwMDAwMDAwMDAwfX0=",
          "dependencies": [
            "azurerm_resource_group.rg",
            "random_integer.suffix"
          ]
        }
      ]
    },
    {
      "mode": "managed",
      "type": "azurerm_public_ip",
      "name": "nat-gateway-pip",
      "provider": "provider[\"registry.terraform.io/hashicorp/azurerm\"]",
      "instances": [
        {
          "schema_version": 0,
          "attributes": {
            "allocation_method": "Static",
            "ddos_protection_mode": "VirtualNetworkInherited",
            "ddos_protection_plan_id": null,
            "domain_name_label": null,
            "domain_name_label_scope": null,
            "edge_zone": "",
            "fqdn": null,
            "id": "/subscriptions/4dd8cf87-5a76-49f4-8de7-2575f38c63ba/resourceGroups/rg-myapp/providers/Microsoft.Network/publicIPAddresses/example-PIP",
            "idle_timeout_in_minutes": 4,
            "ip_address": "4.155.10.196",
            "ip_tags": null,
            "ip_version": "IPv4",
            "location": "westus2",
            "name": "example-PIP",
            "public_ip_prefix_id": null,
            "resource_group_name": "rg-myapp",
            "reverse_fqdn": null,
            "sku": "Standard",
            "sku_tier": "Regional",
            "tags": null,
            "timeouts": null,
            "zones": null
          },
          "sensitive_attributes": [],
          "identity_schema_version": 0,
          "private": "eyJlMmJmYjczMC1lY2FhLTExZTYtOGY4OC0zNDM2M2JjN2M0YzAiOnsiY3JlYXRlIjoxODAwMDAwMDAwMDAwLCJkZWxldGUiOjE4MDAwMDAwMDAwMDAsInJlYWQiOjMwMDAwMDAwMDAwMCwidXBkYXRlIjoxODAwMDAwMDAwMDAwfX0=",
          "dependencies": [
            "azurerm_resource_group.rg"
          ]
        }
      ]
    },
    {
      "mode": "managed",
      "type": "azurerm_resource_group",
      "name": "rg",
      "provider": "provider[\"registry.terraform.io/hashicorp/azurerm\"]",
      "instances": [
        {
          "schema_version": 0,
          "attributes": {
            "id": "/subscriptions/4dd8cf87-5a76-49f4-8de7-2575f38c63ba/resourceGroups/rg-myapp",
            "location": "westus2",
            "managed_by": "",
            "name": "rg-myapp",
            "tags": null,
            "timeouts": null
          },
          "sensitive_attributes": [],
          "identity_schema_version": 0,
          "identity": {
            "name": "rg-myapp",
            "subscription_id": "4dd8cf87-5a76-49f4-8de7-2575f38c63ba"
          },
          "private": "eyJlMmJmYjczMC1lY2FhLTExZTYtOGY4OC0zNDM2M2JjN2M0YzAiOnsiY3JlYXRlIjo1NDAwMDAwMDAwMDAwLCJkZWxldGUiOjU0MDAwMDAwMDAwMDAsInJlYWQiOjMwMDAwMDAwMDAwMCwidXBkYXRlIjo1NDAwMDAwMDAwMDAwfX0="
        }
      ]
    },
    {
      "mode": "managed",
      "type": "azurerm_subnet",
      "name": "subnet",
      "provider": "provider[\"registry.terraform.io/hashicorp/azurerm\"]",
      "instances": [
        {
          "schema_version": 0,
          "attributes": {
            "address_prefixes": [
              "10.0.1.0/24"
            ],
            "default_outbound_access_enabled": true,
            "delegation": [],
            "id": "/subscriptions/4dd8cf87-5a76-49f4-8de7-2575f38c63ba/resourceGroups/rg-myapp/providers/Microsoft.Network/virtualNetworks/myapp-vnet/subnets/myapp-subnet",
            "ip_address_pool": [],
            "name": "myapp-subnet",
            "private_endpoint_network_policies": "Disabled",
            "private_link_service_network_policies_enabled": true,
            "resource_group_name": "rg-myapp",
            "service_endpoint_policy_ids": null,
            "service_endpoints": null,
            "sharing_scope": "",
            "timeouts": null,
            "virtual_network_name": "myapp-vnet"
          },
          "sensitive_attributes": [],
          "identity_schema_version": 0,
          "identity": {
            "name": "myapp-subnet",
            "resource_group_name": "rg-myapp",
            "subscription_id": "4dd8cf87-5a76-49f4-8de7-2575f38c63ba",
            "virtual_network_name": "myapp-vnet"
          },
          "private": "eyJlMmJmYjczMC1lY2FhLTExZTYtOGY4OC0zNDM2M2JjN2M0YzAiOnsiY3JlYXRlIjoxODAwMDAwMDAwMDAwLCJkZWxldGUiOjE4MDAwMDAwMDAwMDAsInJlYWQiOjMwMDAwMDAwMDAwMCwidXBkYXRlIjoxODAwMDAwMDAwMDAwfX0=",
          "dependencies": [
            "azurerm_resource_group.rg",
            "azurerm_virtual_network.vnet"
          ]
        }
      ]
    },
    {
      "mode": "managed",
      "type": "azurerm_subnet_nat_gateway_association",
      "name": "example",
      "provider": "provider[\"registry.terraform.io/hashicorp/azurerm\"]",
      "instances": [
        {
          "schema_version": 0,
          "attributes": {
            "id": "/subscriptions/4dd8cf87-5a76-49f4-8de7-2575f38c63ba/resourceGroups/rg-myapp/providers/Microsoft.Network/virtualNetworks/myapp-vnet/subnets/myapp-subnet",
            "nat_gateway_id": "/subscriptions/4dd8cf87-5a76-49f4-8de7-2575f38c63ba/resourceGroups/rg-myapp/providers/Microsoft.Network/natGateways/example-NatGateway",
            "subnet_id": "/subscriptions/4dd8cf87-5a76-49f4-8de7-2575f38c63ba/resourceGroups/rg-myapp/providers/Microsoft.Network/virtualNetworks/myapp-vnet/subnets/myapp-subnet",
            "timeouts": null
          },
          "sensitive_attributes": [],
          "identity_schema_version": 0,
          "private": "eyJlMmJmYjczMC1lY2FhLTExZTYtOGY4OC0zNDM2M2JjN2M0YzAiOnsiY3JlYXRlIjoxODAwMDAwMDAwMDAwLCJkZWxldGUiOjE4MDAwMDAwMDAwMDAsInJlYWQiOjMwMDAwMDAwMDAwMH19",
          "dependencies": [
            "azurerm_nat_gateway.nat-gateway",
            "azurerm_resource_group.rg",
            "azurerm_subnet.subnet",
            "azurerm_virtual_network.vnet"
          ]
        }
      ]
    },
    {
      "mode": "managed",
      "type": "azurerm_virtual_network",
      "name": "vnet",
      "provider": "provider[\"registry.terraform.io/hashicorp/azurerm\"]",
      "instances": [
        {
          "schema_version": 0,
          "attributes": {
            "address_space": [
              "10.0.0.0/16"
            ],
            "bgp_community": "",
            "ddos_protection_plan": [],
            "dns_servers": [],
            "edge_zone": "",
            "encryption": [],
            "flow_timeout_in_minutes": 0,
            "guid": "03fc3086-5d31-46bd-b848-a3aa96224fca",
            "id": "/subscriptions/4dd8cf87-5a76-49f4-8de7-2575f38c63ba/resourceGroups/rg-myapp/providers/Microsoft.Network/virtualNetworks/myapp-vnet",
            "ip_address_pool": [],
            "location": "westus2",
            "name": "myapp-vnet",
            "private_endpoint_vnet_policies": "Disabled",
            "resource_group_name": "rg-myapp",
            "subnet": [],
            "tags": null,
            "timeouts": null
          },
          "sensitive_attributes": [],
          "identity_schema_version": 0,
          "identity": {
            "name": "myapp-vnet",
            "resource_group_name": "rg-myapp",
            "subscription_id": "4dd8cf87-5a76-49f4-8de7-2575f38c63ba"
          },
          "private": "eyJlMmJmYjczMC1lY2FhLTExZTYtOGY4OC0zNDM2M2JjN2M0YzAiOnsiY3JlYXRlIjoxODAwMDAwMDAwMDAwLCJkZWxldGUiOjE4MDAwMDAwMDAwMDAsInJlYWQiOjMwMDAwMDAwMDAwMCwidXBkYXRlIjoxODAwMDAwMDAwMDAwfX0=",
          "dependencies": [
            "azurerm_resource_group.rg"
          ]
        }
      ]
    },
    {
      "mode": "managed",
      "type": "random_integer",
      "name": "suffix",
      "provider": "provider[\"registry.terraform.io/hashicorp/random\"]",
      "instances": [
        {
          "schema_version": 0,
          "attributes": {
            "id": "98314",
            "keepers": null,
            "max": 99999,
            "min": 10000,
            "result": 98314,
            "seed": null
          },
          "sensitive_attributes": [],
          "identity_schema_version": 0
        }
      ]
    }
  ],
  "check_results": null
}
